
Microsoft Visual Studio Solution File, Format Version 12.00
# Visual Studio 15
VisualStudioVersion = 15.0.28010.2050
MinimumVisualStudioVersion = 10.0.40219.1
Project("{FAE04EC0-301F-11D3-BF4B-00C04F79EFBC}") = "GestionHotelera", "GestionHotelera\GestionHotelera.csproj", "{DDCF699C-D9F4-4E7B-B9F7-05F65C7F616E}"
EndProject
Project("{FAE04EC0-301F-11D3-BF4B-00C04F79EFBC}") = "AccesoData", "AccesoData\AccesoData.csproj", "{1DB19B28-1DAD-425C-964D-68F675A7DE11}"
EndProject
Project("{FAE04EC0-301F-11D3-BF4B-00C04F79EFBC}") = "LogicaNegocios", "LogicaNegocios\LogicaNegocios.csproj", "{4EFECF29-B386-4123-8F8C-1CF84322F1B1}"
EndProject
Global
	GlobalSection(SolutionConfigurationPlatforms) = preSolution
		Debug|Any CPU = Debug|Any CPU
		Release|Any CPU = Release|Any CPU
	EndGlobalSection
	GlobalSection(ProjectConfigurationPlatforms) = postSolution
		{DDCF699C-D9F4-4E7B-B9F7-05F65C7F616E}.Debug|Any CPU.ActiveCfg = Debug|Any CPU
		{DDCF699C-D9F4-4E7B-B9F7-05F65C7F616E}.Debug|Any CPU.Build.0 = Debug|Any CPU
		{DDCF699C-D9F4-4E7B-B9F7-05F65C7F616E}.Release|Any CPU.ActiveCfg = Release|Any CPU
		{DDCF699C-D9F4-4E7B-B9F7-05F65C7F616E}.Release|Any CPU.Build.0 = Release|Any CPU
		{1DB19B28-1DAD-425C-964D-68F675A7DE11}.Debug|Any CPU.ActiveCfg = Debug|Any CPU
		{1DB19B28-1DAD-425C-964D-68F675A7DE11}.Debug|Any CPU.Build.0 = Debug|Any CPU
		{1DB19B28-1DAD-425C-964D-68F675A7DE11}.Release|Any CPU.ActiveCfg = Release|Any CPU
		{1DB19B28-1DAD-425C-964D-68F675A7DE11}.Release|Any CPU.Build.0 = Release|Any CPU
		{4EFECF29-B386-4123-8F8C-1CF84322F1B1}.Debug|Any CPU.ActiveCfg = Debug|Any CPU
		{4EFECF29-B386-4123-8F8C-1CF84322F1B1}.Debug|Any CPU.Build.0 = Debug|Any CPU
		{4EFECF29-B386-4123-8F8C-1CF84322F1B1}.Release|Any CPU.ActiveCfg = Release|Any CPU
		{4EFECF29-B386-4123-8F8C-1CF84322F1B1}.Release|Any CPU.Build.0 = Release|Any CPU
	EndGlobalSection
	GlobalSection(SolutionProperties) = preSolution
		HideSolutionNode = FALSE
	EndGlobalSection
	GlobalSection(ExtensibilityGlobals) = postSolution
		SolutionGuid = {965CBE34-F201-4E5C-AB84-CE4F0DE829E5}
	EndGlobalSection
EndGlobal
